
Microsoft Visual Studio Solution File, Format Version 12.00
# Visual Studio Version 17
VisualStudioVersion = 17.3.32901.215
MinimumVisualStudioVersion = 10.0.40219.1
Project("{FAE04EC0-301F-11D3-BF4B-00C04F79EFBC}") = "odevv3", "odevv3\odevv3.csproj", "{9E970D87-EBFA-40BA-B8B4-2D54BF32BC20}"
EndProject
Global
	GlobalSection(SolutionConfigurationPlatforms) = preSolution
		Debug|Any CPU = Debug|Any CPU
		Release|Any CPU = Release|Any CPU
	EndGlobalSection
	GlobalSection(ProjectConfigurationPlatforms) = postSolution
		{9E970D87-EBFA-40BA-B8B4-2D54BF32BC20}.Debug|Any CPU.ActiveCfg = Debug|Any CPU
		{9E970D87-EBFA-40BA-B8B4-2D54BF32BC20}.Debug|Any CPU.Build.0 = Debug|Any CPU
		{9E970D87-EBFA-40BA-B8B4-2D54BF32BC20}.Release|Any CPU.ActiveCfg = Release|Any CPU
		{9E970D87-EBFA-40BA-B8B4-2D54BF32BC20}.Release|Any CPU.Build.0 = Release|Any CPU
	EndGlobalSection
	GlobalSection(SolutionProperties) = preSolution
		HideSolutionNode = FALSE
	EndGlobalSection
	GlobalSection(ExtensibilityGlobals) = postSolution
		SolutionGuid = {421BA3A2-0A5E-456E-B8E2-B3D9E5BFD8E8}
	EndGlobalSection
EndGlobal
